
Microsoft Visual Studio Solution File, Format Version 12.00
# Visual Studio Version 17
VisualStudioVersion = 17.3.32929.385
MinimumVisualStudioVersion = 10.0.40219.1
Project("{FAE04EC0-301F-11D3-BF4B-00C04F79EFBC}") = "Ejercicios", "Ejercicios\Ejercicios.csproj", "{F6CB68AA-41AB-46F2-83FE-D66CF42B89D8}"
EndProject
Global
	GlobalSection(SolutionConfigurationPlatforms) = preSolution
		Debug|Any CPU = Debug|Any CPU
		Release|Any CPU = Release|Any CPU
	EndGlobalSection
	GlobalSection(ProjectConfigurationPlatforms) = postSolution
		{F6CB68AA-41AB-46F2-83FE-D66CF42B89D8}.Debug|Any CPU.ActiveCfg = Debug|Any CPU
		{F6CB68AA-41AB-46F2-83FE-D66CF42B89D8}.Debug|Any CPU.Build.0 = Debug|Any CPU
		{F6CB68AA-41AB-46F2-83FE-D66CF42B89D8}.Release|Any CPU.ActiveCfg = Release|Any CPU
		{F6CB68AA-41AB-46F2-83FE-D66CF42B89D8}.Release|Any CPU.Build.0 = Release|Any CPU
	EndGlobalSection
	GlobalSection(SolutionProperties) = preSolution
		HideSolutionNode = FALSE
	EndGlobalSection
	GlobalSection(ExtensibilityGlobals) = postSolution
		SolutionGuid = {A357AA88-F6DC-45AC-A78D-5C2C9F349DF0}
	EndGlobalSection
EndGlobal
